
Microsoft Visual Studio Solution File, Format Version 12.00
# Visual Studio Version 16
VisualStudioVersion = 16.0.31515.178
MinimumVisualStudioVersion = 10.0.40219.1
Project("{8BC9CEB8-8B4A-11D0-8D11-00A0C91BC942}") = "Project9", "Project9.vcxproj", "{B74E5F10-DECB-4DD7-A7B1-AC6ECA5E7CEE}"
EndProject
Global
	GlobalSection(SolutionConfigurationPlatforms) = preSolution
		Debug|x64 = Debug|x64
		Debug|x86 = Debug|x86
		Release|x64 = Release|x64
		Release|x86 = Release|x86
	EndGlobalSection
	GlobalSection(ProjectConfigurationPlatforms) = postSolution
		{B74E5F10-DECB-4DD7-A7B1-AC6ECA5E7CEE}.Debug|x64.ActiveCfg = Debug|x64
		{B74E5F10-DECB-4DD7-A7B1-AC6ECA5E7CEE}.Debug|x64.Build.0 = Debug|x64
		{B74E5F10-DECB-4DD7-A7B1-AC6ECA5E7CEE}.Debug|x86.ActiveCfg = Debug|Win32
		{B74E5F10-DECB-4DD7-A7B1-AC6ECA5E7CEE}.Debug|x86.Build.0 = Debug|Win32
		{B74E5F10-DECB-4DD7-A7B1-AC6ECA5E7CEE}.Release|x64.ActiveCfg = Release|x64
		{B74E5F10-DECB-4DD7-A7B1-AC6ECA5E7CEE}.Release|x64.Build.0 = Release|x64
		{B74E5F10-DECB-4DD7-A7B1-AC6ECA5E7CEE}.Release|x86.ActiveCfg = Release|Win32
		{B74E5F10-DECB-4DD7-A7B1-AC6ECA5E7CEE}.Release|x86.Build.0 = Release|Win32
	EndGlobalSection
	GlobalSection(SolutionProperties) = preSolution
		HideSolutionNode = FALSE
	EndGlobalSection
	GlobalSection(ExtensibilityGlobals) = postSolution
		SolutionGuid = {FA503EB8-60AA-4176-9C81-41C7CC2099F2}
	EndGlobalSection
EndGlobal
